// !$*UTF8*$!
{
	archiveVersion = 1;
	classes = {
	};
	objectVersion = 50;
	objects = {

/* Begin PBXBuildFile section */
		66CA1C2E248EE7FE0080AD54 /* AppDelegate.swift in Sources */ = {isa = PBXBuildFile; fileRef = 66CA1C2D248EE7FE0080AD54 /* AppDelegate.swift */; };
		66CA1C30248EE7FE0080AD54 /* SceneDelegate.swift in Sources */ = {isa = PBXBuildFile; fileRef = 66CA1C2F248EE7FE0080AD54 /* SceneDelegate.swift */; };
		66CA1C32248EE7FE0080AD54 /* ContentView.swift in Sources */ = {isa = PBXBuildFile; fileRef = 66CA1C31248EE7FE0080AD54 /* ContentView.swift */; };
		66CA1C34248EE80A0080AD54 /* Assets.xcassets in Resources */ = {isa = PBXBuildFile; fileRef = 66CA1C33248EE80A0080AD54 /* Assets.xcassets */; };
		66CA1C37248EE80A0080AD54 /* Preview Assets.xcassets in Resources */ = {isa = PBXBuildFile; fileRef = 66CA1C36248EE80A0080AD54 /* Preview Assets.xcassets */; };
		66CA1C3A248EE80A0080AD54 /* LaunchScreen.storyboard in Resources */ = {isa = PBXBuildFile; fileRef = 66CA1C38248EE80A0080AD54 /* LaunchScreen.storyboard */; };
		66CA1C45248EE80B0080AD54 /* mareeTests.swift in Sources */ = {isa = PBXBuildFile; fileRef = 66CA1C44248EE80B0080AD54 /* mareeTests.swift */; };
		66CA1C50248EE80B0080AD54 /* mareeUITests.swift in Sources */ = {isa = PBXBuildFile; fileRef = 66CA1C4F248EE80B0080AD54 /* mareeUITests.swift */; };
/* End PBXBuildFile section */

/* Begin PBXContainerItemProxy section */
		66CA1C41248EE80B0080AD54 /* PBXContainerItemProxy */ = {
			isa = PBXContainerItemProxy;
			containerPortal = 66CA1C22248EE7FE0080AD54 /* Project object */;
			proxyType = 1;
			remoteGlobalIDString = 66CA1C29248EE7FE0080AD54;
			remoteInfo = maree;
		};
		66CA1C4C248EE80B0080AD54 /* PBXContainerItemProxy */ = {
			isa = PBXContainerItemProxy;
			containerPortal = 66CA1C22248EE7FE0080AD54 /* Project object */;
			proxyType = 1;
			remoteGlobalIDString = 66CA1C29248EE7FE0080AD54;
			remoteInfo = maree;
		};
/* End PBXContainerItemProxy section */

/* Begin PBXFileReference section */
		66CA1C2A248EE7FE0080AD54 /* maree.app */ = {isa = PBXFileReference; explicitFileType = wrapper.application; includeInIndex = 0; path = maree.app; sourceTree = BUILT_PRODUCTS_DIR; };
		66CA1C2D248EE7FE0080AD54 /* AppDelegate.swift */ = {isa = PBXFileReference; lastKnownFileType = sourcecode.swift; path = AppDelegate.swift; sourceTree = "<group>"; };
		66CA1C2F248EE7FE0080AD54 /* SceneDelegate.swift */ = {isa = PBXFileReference; lastKnownFileType = sourcecode.swift; path = SceneDelegate.swift; sourceTree = "<group>"; };
		66CA1C31248EE7FE0080AD54 /* ContentView.swift */ = {isa = PBXFileReference; lastKnownFileType = sourcecode.swift; path = ContentView.swift; sourceTree = "<group>"; };
		66CA1C33248EE80A0080AD54 /* Assets.xcassets */ = {isa = PBXFileReference; lastKnownFileType = folder.assetcatalog; path = Assets.xcassets; sourceTree = "<group>"; };
		66CA1C36248EE80A0080AD54 /* Preview Assets.xcassets */ = {isa = PBXFileReference; lastKnownFileType = folder.assetcatalog; path = "Preview Assets.xcassets"; sourceTree = "<group>"; };
		66CA1C39248EE80A0080AD54 /* Base */ = {isa = PBXFileReference; lastKnownFileType = file.storyboard; name = Base; path = Base.lproj/LaunchScreen.storyboard; sourceTree = "<group>"; };
		66CA1C3B248EE80A0080AD54 /* Info.plist */ = {isa = PBXFileReference; lastKnownFileType = text.plist.xml; path = Info.plist; sourceTree = "<group>"; };
		66CA1C40248EE80B0080AD54 /* mareeTests.xctest */ = {isa = PBXFileReference; explicitFileType = wrapper.cfbundle; includeInIndex = 0; path = mareeTests.xctest; sourceTree = BUILT_PRODUCTS_DIR; };
		66CA1C44248EE80B0080AD54 /* mareeTests.swift */ = {isa = PBXFileReference; lastKnownFileType = sourcecode.swift; path = mareeTests.swift; sourceTree = "<group>"; };
		66CA1C46248EE80B0080AD54 /* Info.plist */ = {isa = PBXFileReference; lastKnownFileType = text.plist.xml; path = Info.plist; sourceTree = "<group>"; };
		66CA1C4B248EE80B0080AD54 /* mareeUITests.xctest */ = {isa = PBXFileReference; explicitFileType = wrapper.cfbundle; includeInIndex = 0; path = mareeUITests.xctest; sourceTree = BUILT_PRODUCTS_DIR; };
		66CA1C4F248EE80B0080AD54 /* mareeUITests.swift */ = {isa = PBXFileReference; lastKnownFileType = sourcecode.swift; path = mareeUITests.swift; sourceTree = "<group>"; };
		66CA1C51248EE80B0080AD54 /* Info.plist */ = {isa = PBXFileReference; lastKnownFileType = text.plist.xml; path = Info.plist; sourceTree = "<group>"; };
/* End PBXFileReference section */

/* Begin PBXFrameworksBuildPhase section */
		66CA1C27248EE7FE0080AD54 /* Frameworks */ = {
			isa = PBXFrameworksBuildPhase;
			buildActionMask = 2147483647;
			files = (
			);
			runOnlyForDeploymentPostprocessing = 0;
		};
		66CA1C3D248EE80B0080AD54 /* Frameworks */ = {
			isa = PBXFrameworksBuildPhase;
			buildActionMask = 2147483647;
			files = (
			);
			runOnlyForDeploymentPostprocessing = 0;
		};
		66CA1C48248EE80B0080AD54 /* Frameworks */ = {
			isa = PBXFrameworksBuildPhase;
			buildActionMask = 2147483647;
			files = (
			);
			runOnlyForDeploymentPostprocessing = 0;
		};
/* End PBXFrameworksBuildPhase section */

/* Begin PBXGroup section */
		66CA1C21248EE7FE0080AD54 = {
			isa = PBXGroup;
			children = (
				66CA1C2C248EE7FE0080AD54 /* maree */,
				66CA1C43248EE80B0080AD54 /* mareeTests */,
				66CA1C4E248EE80B0080AD54 /* mareeUITests */,
				66CA1C2B248EE7FE0080AD54 /* Products */,
			);
			sourceTree = "<group>";
		};
		66CA1C2B248EE7FE0080AD54 /* Products */ = {
			isa = PBXGroup;
			children = (
				66CA1C2A248EE7FE0080AD54 /* maree.app */,
				66CA1C40248EE80B0080AD54 /* mareeTests.xctest */,
				66CA1C4B248EE80B0080AD54 /* mareeUITests.xctest */,
			);
			name = Products;
			sourceTree = "<group>";
		};
		66CA1C2C248EE7FE0080AD54 /* maree */ = {
			isa = PBXGroup;
			children = (
				66CA1C2D248EE7FE0080AD54 /* AppDelegate.swift */,
				66CA1C2F248EE7FE0080AD54 /* SceneDelegate.swift */,
				66CA1C31248EE7FE0080AD54 /* ContentView.swift */,
				66CA1C33248EE80A0080AD54 /* Assets.xcassets */,
				66CA1C38248EE80A0080AD54 /* LaunchScreen.storyboard */,
				66CA1C3B248EE80A0080AD54 /* Info.plist */,
				66CA1C35248EE80A0080AD54 /* Preview Content */,
			);
			path = maree;
			sourceTree = "<group>";
		};
		66CA1C35248EE80A0080AD54 /* Preview Content */ = {
			isa = PBXGroup;
			children = (
				66CA1C36248EE80A0080AD54 /* Preview Assets.xcassets */,
			);
			path = "Preview Content";
			sourceTree = "<group>";
		};
		66CA1C43248EE80B0080AD54 /* mareeTests */ = {
			isa = PBXGroup;
			children = (
				66CA1C44248EE80B0080AD54 /* mareeTests.swift */,
				66CA1C46248EE80B0080AD54 /* Info.plist */,
			);
			path = mareeTests;
			sourceTree = "<group>";
		};
		66CA1C4E248EE80B0080AD54 /* mareeUITests */ = {
			isa = PBXGroup;
			children = (
				66CA1C4F248EE80B0080AD54 /* mareeUITests.swift */,
				66CA1C51248EE80B0080AD54 /* Info.plist */,
			);
			path = mareeUITests;
			sourceTree = "<group>";
		};
/* End PBXGroup section */

/* Begin PBXNativeTarget section */
		66CA1C29248EE7FE0080AD54 /* maree */ = {
			isa = PBXNativeTarget;
			buildConfigurationList = 66CA1C54248EE80B0080AD54 /* Build configuration list for PBXNativeTarget "maree" */;
			buildPhases = (
				66CA1C26248EE7FE0080AD54 /* Sources */,
				66CA1C27248EE7FE0080AD54 /* Frameworks */,
				66CA1C28248EE7FE0080AD54 /* Resources */,
			);
			buildRules = (
			);
			dependencies = (
			);
			name = maree;
			productName = maree;
			productReference = 66CA1C2A248EE7FE0080AD54 /* maree.app */;
			productType = "com.apple.product-type.application";
		};
		66CA1C3F248EE80B0080AD54 /* mareeTests */ = {
			isa = PBXNativeTarget;
			buildConfigurationList = 66CA1C57248EE80B0080AD54 /* Build configuration list for PBXNativeTarget "mareeTests" */;
			buildPhases = (
				66CA1C3C248EE80B0080AD54 /* Sources */,
				66CA1C3D248EE80B0080AD54 /* Frameworks */,
				66CA1C3E248EE80B0080AD54 /* Resources */,
			);
			buildRules = (
			);
			dependencies = (
				66CA1C42248EE80B0080AD54 /* PBXTargetDependency */,
			);
			name = mareeTests;
			productName = mareeTests;
			productReference = 66CA1C40248EE80B0080AD54 /* mareeTests.xctest */;
			productType = "com.apple.product-type.bundle.unit-test";
		};
		66CA1C4A248EE80B0080AD54 /* mareeUITests */ = {
			isa = PBXNativeTarget;
			buildConfigurationList = 66CA1C5A248EE80B0080AD54 /* Build configuration list for PBXNativeTarget "mareeUITests" */;
			buildPhases = (
				66CA1C47248EE80B0080AD54 /* Sources */,
				66CA1C48248EE80B0080AD54 /* Frameworks */,
				66CA1C49248EE80B0080AD54 /* Resources */,
			);
			buildRules = (
			);
			dependencies = (
				66CA1C4D248EE80B0080AD54 /* PBXTargetDependency */,
			);
			name = mareeUITests;
			productName = mareeUITests;
			productReference = 66CA1C4B248EE80B0080AD54 /* mareeUITests.xctest */;
			productType = "com.apple.product-type.bundle.ui-testing";
		};
/* End PBXNativeTarget section */

/* Begin PBXProject section */
		66CA1C22248EE7FE0080AD54 /* Project object */ = {
			isa = PBXProject;
			attributes = {
				LastSwiftUpdateCheck = 1150;
				LastUpgradeCheck = 1150;
				ORGANIZATIONNAME = iOS;
				TargetAttributes = {
					66CA1C29248EE7FE0080AD54 = {
						CreatedOnToolsVersion = 11.5;
					};
					66CA1C3F248EE80B0080AD54 = {
						CreatedOnToolsVersion = 11.5;
						TestTargetID = 66CA1C29248EE7FE0080AD54;
					};
					66CA1C4A248EE80B0080AD54 = {
						CreatedOnToolsVersion = 11.5;
						TestTargetID = 66CA1C29248EE7FE0080AD54;
					};
				};
			};
			buildConfigurationList = 66CA1C25248EE7FE0080AD54 /* Build configuration list for PBXProject "maree" */;
			compatibilityVersion = "Xcode 9.3";
			developmentRegion = en;
			hasScannedForEncodings = 0;
			knownRegions = (
				en,
				Base,
			);
			mainGroup = 66CA1C21248EE7FE0080AD54;
			productRefGroup = 66CA1C2B248EE7FE0080AD54 /* Products */;
			projectDirPath = "";
			projectRoot = "";
			targets = (
				66CA1C29248EE7FE0080AD54 /* maree */,
				66CA1C3F248EE80B0080AD54 /* mareeTests */,
				66CA1C4A248EE80B0080AD54 /* mareeUITests */,
			);
		};
/* End PBXProject section */

/* Begin PBXResourcesBuildPhase section */
		66CA1C28248EE7FE0080AD54 /* Resources */ = {
			isa = PBXResourcesBuildPhase;
			buildActionMask = 2147483647;
			files = (
				66CA1C3A248EE80A0080AD54 /* LaunchScreen.storyboard in Resources */,
				66CA1C37248EE80A0080AD54 /* Preview Assets.xcassets in Resources */,
				66CA1C34248EE80A0080AD54 /* Assets.xcassets in Resources */,
			);
			runOnlyForDeploymentPostprocessing = 0;
		};
		66CA1C3E248EE80B0080AD54 /* Resources */ = {
			isa = PBXResourcesBuildPhase;
			buildActionMask = 2147483647;
			files = (
			);
			runOnlyForDeploymentPostprocessing = 0;
		};
		66CA1C49248EE80B0080AD54 /* Resources */ = {
			isa = PBXResourcesBuildPhase;
			buildActionMask = 2147483647;
			files = (
			);
			runOnlyForDeploymentPostprocessing = 0;
		};
/* End PBXResourcesBuildPhase section */

/* Begin PBXSourcesBuildPhase section */
		66CA1C26248EE7FE0080AD54 /* Sources */ = {
			isa = PBXSourcesBuildPhase;
			buildActionMask = 2147483647;
			files = (
				66CA1C2E248EE7FE0080AD54 /* AppDelegate.swift in Sources */,
				66CA1C30248EE7FE0080AD54 /* SceneDelegate.swift in Sources */,
				66CA1C32248EE7FE0080AD54 /* ContentView.swift in Sources */,
			);
			runOnlyForDeploymentPostprocessing = 0;
		};
		66CA1C3C248EE80B0080AD54 /* Sources */ = {
			isa = PBXSourcesBuildPhase;
			buildActionMask = 2147483647;
			files = (
				66CA1C45248EE80B0080AD54 /* mareeTests.swift in Sources */,
			);
			runOnlyForDeploymentPostprocessing = 0;
		};
		66CA1C47248EE80B0080AD54 /* Sources */ = {
			isa = PBXSourcesBuildPhase;
			buildActionMask = 2147483647;
			files = (
				66CA1C50248EE80B0080AD54 /* mareeUITests.swift in Sources */,
			);
			runOnlyForDeploymentPostprocessing = 0;
		};
/* End PBXSourcesBuildPhase section */

/* Begin PBXTargetDependency section */
		66CA1C42248EE80B0080AD54 /* PBXTargetDependency */ = {
			isa = PBXTargetDependency;
			target = 66CA1C29248EE7FE0080AD54 /* maree */;
			targetProxy = 66CA1C41248EE80B0080AD54 /* PBXContainerItemProxy */;
		};
		66CA1C4D248EE80B0080AD54 /* PBXTargetDependency */ = {
			isa = PBXTargetDependency;
			target = 66CA1C29248EE7FE0080AD54 /* maree */;
			targetProxy = 66CA1C4C248EE80B0080AD54 /* PBXContainerItemProxy */;
		};
/* End PBXTargetDependency section */

/* Begin PBXVariantGroup section */
		66CA1C38248EE80A0080AD54 /* LaunchScreen.storyboard */ = {
			isa = PBXVariantGroup;
			children = (
				66CA1C39248EE80A0080AD54 /* Base */,
			);
			name = LaunchScreen.storyboard;
			sourceTree = "<group>";
		};
/* End PBXVariantGroup section */

/* Begin XCBuildConfiguration section */
		66CA1C52248EE80B0080AD54 /* Debug */ = {
			isa = XCBuildConfiguration;
			buildSettings = {
				ALWAYS_SEARCH_USER_PATHS = NO;
				CLANG_ANALYZER_NONNULL = YES;
				CLANG_ANALYZER_NUMBER_OBJECT_CONVERSION = YES_AGGRESSIVE;
				CLANG_CXX_LANGUAGE_STANDARD = "gnu++14";
				CLANG_CXX_LIBRARY = "libc++";
				CLANG_ENABLE_MODULES = YES;
				CLANG_ENABLE_OBJC_ARC = YES;
				CLANG_ENABLE_OBJC_WEAK = YES;
				CLANG_WARN_BLOCK_CAPTURE_AUTORELEASING = YES;
				CLANG_WARN_BOOL_CONVERSION = YES;
				CLANG_WARN_COMMA = YES;
				CLANG_WARN_CONSTANT_CONVERSION = YES;
				CLANG_WARN_DEPRECATED_OBJC_IMPLEMENTATIONS = YES;
				CLANG_WARN_DIRECT_OBJC_ISA_USAGE = YES_ERROR;
				CLANG_WARN_DOCUMENTATION_COMMENTS = YES;
				CLANG_WARN_EMPTY_BODY = YES;
				CLANG_WARN_ENUM_CONVERSION = YES;
				CLANG_WARN_INFINITE_RECURSION = YES;
				CLANG_WARN_INT_CONVERSION = YES;
				CLANG_WARN_NON_LITERAL_NULL_CONVERSION = YES;
				CLANG_WARN_OBJC_IMPLICIT_RETAIN_SELF = YES;
				CLANG_WARN_OBJC_LITERAL_CONVERSION = YES;
				CLANG_WARN_OBJC_ROOT_CLASS = YES_ERROR;
				CLANG_WARN_RANGE_LOOP_ANALYSIS = YES;
				CLANG_WARN_STRICT_PROTOTYPES = YES;
				CLANG_WARN_SUSPICIOUS_MOVE = YES;
				CLANG_WARN_UNGUARDED_AVAILABILITY = YES_AGGRESSIVE;
				CLANG_WARN_UNREACHABLE_CODE = YES;
				CLANG_WARN__DUPLICATE_METHOD_MATCH = YES;
				COPY_PHASE_STRIP = NO;
				DEBUG_INFORMATION_FORMAT = dwarf;
				ENABLE_STRICT_OBJC_MSGSEND = YES;
				ENABLE_TESTABILITY = YES;
				GCC_C_LANGUAGE_STANDARD = gnu11;
				GCC_DYNAMIC_NO_PIC = NO;
				GCC_NO_COMMON_BLOCKS = YES;
				GCC_OPTIMIZATION_LEVEL = 0;
				GCC_PREPROCESSOR_DEFINITIONS = (
					"DEBUG=1",
					"$(inherited)",
				);
				GCC_WARN_64_TO_32_BIT_CONVERSION = YES;
				GCC_WARN_ABOUT_RETURN_TYPE = YES_ERROR;
				GCC_WARN_UNDECLARED_SELECTOR = YES;
				GCC_WARN_UNINITIALIZED_AUTOS = YES_AGGRESSIVE;
				GCC_WARN_UNUSED_FUNCTION = YES;
				GCC_WARN_UNUSED_VARIABLE = YES;
				IPHONEOS_DEPLOYMENT_TARGET = 13.5;
				MTL_ENABLE_DEBUG_INFO = INCLUDE_SOURCE;
				MTL_FAST_MATH = YES;
				ONLY_ACTIVE_ARCH = YES;
				SDKROOT = iphoneos;
				SWIFT_ACTIVE_COMPILATION_CONDITIONS = DEBUG;
				SWIFT_OPTIMIZATION_LEVEL = "-Onone";
			};
			name = Debug;
		};
		66CA1C53248EE80B0080AD54 /* Release */ = {
			isa = XCBuildConfiguration;
			buildSettings = {
				ALWAYS_SEARCH_USER_PATHS = NO;
				CLANG_ANALYZER_NONNULL = YES;
				CLANG_ANALYZER_NUMBER_OBJECT_CONVERSION = YES_AGGRESSIVE;
				CLANG_CXX_LANGUAGE_STANDARD = "gnu++14";
				CLANG_CXX_LIBRARY = "libc++";
				CLANG_ENABLE_MODULES = YES;
				CLANG_ENABLE_OBJC_ARC = YES;
				CLANG_ENABLE_OBJC_WEAK = YES;
				CLANG_WARN_BLOCK_CAPTURE_AUTORELEASING = YES;
				CLANG_WARN_BOOL_CONVERSION = YES;
				CLANG_WARN_COMMA = YES;
				CLANG_WARN_CONSTANT_CONVERSION = YES;
				CLANG_WARN_DEPRECATED_OBJC_IMPLEMENTATIONS = YES;
				CLANG_WARN_DIRECT_OBJC_ISA_USAGE = YES_ERROR;
				CLANG_WARN_DOCUMENTATION_COMMENTS = YES;
				CLANG_WARN_EMPTY_BODY = YES;
				CLANG_WARN_ENUM_CONVERSION = YES;
				CLANG_WARN_INFINITE_RECURSION = YES;
				CLANG_WARN_INT_CONVERSION = YES;
				CLANG_WARN_NON_LITERAL_NULL_CONVERSION = YES;
				CLANG_WARN_OBJC_IMPLICIT_RETAIN_SELF = YES;
				CLANG_WARN_OBJC_LITERAL_CONVERSION = YES;
				CLANG_WARN_OBJC_ROOT_CLASS = YES_ERROR;
				CLANG_WARN_RANGE_LOOP_ANALYSIS = YES;
				CLANG_WARN_STRICT_PROTOTYPES = YES;
				CLANG_WARN_SUSPICIOUS_MOVE = YES;
				CLANG_WARN_UNGUARDED_AVAILABILITY = YES_AGGRESSIVE;
				CLANG_WARN_UNREACHABLE_CODE = YES;
				CLANG_WARN__DUPLICATE_METHOD_MATCH = YES;
				COPY_PHASE_STRIP = NO;
				DEBUG_INFORMATION_FORMAT = "dwarf-with-dsym";
				ENABLE_NS_ASSERTIONS = NO;
				ENABLE_STRICT_OBJC_MSGSEND = YES;
				GCC_C_LANGUAGE_STANDARD = gnu11;
				GCC_NO_COMMON_BLOCKS = YES;
				GCC_WARN_64_TO_32_BIT_CONVERSION = YES;
				GCC_WARN_ABOUT_RETURN_TYPE = YES_ERROR;
				GCC_WARN_UNDECLARED_SELECTOR = YES;
				GCC_WARN_UNINITIALIZED_AUTOS = YES_AGGRESSIVE;
				GCC_WARN_UNUSED_FUNCTION = YES;
				GCC_WARN_UNUSED_VARIABLE = YES;
				IPHONEOS_DEPLOYMENT_TARGET = 13.5;
				MTL_ENABLE_DEBUG_INFO = NO;
				MTL_FAST_MATH = YES;
				SDKROOT = iphoneos;
				SWIFT_COMPILATION_MODE = wholemodule;
				SWIFT_OPTIMIZATION_LEVEL = "-O";
				VALIDATE_PRODUCT = YES;
			};
			name = Release;
		};
		66CA1C55248EE80B0080AD54 /* Debug */ = {
			isa = XCBuildConfiguration;
			buildSettings = {
				ASSETCATALOG_COMPILER_APPICON_NAME = AppIcon;
				CODE_SIGN_STYLE = Automatic;
				DEVELOPMENT_ASSET_PATHS = "\"maree/Preview Content\"";
				ENABLE_PREVIEWS = YES;
				INFOPLIST_FILE = maree/Info.plist;
				LD_RUNPATH_SEARCH_PATHS = (
					"$(inherited)",
					"@executable_path/Frameworks",
				);
				PRODUCT_BUNDLE_IDENTIFIER = iOS.maree;
				PRODUCT_NAME = "$(TARGET_NAME)";
				SWIFT_VERSION = 5.0;
				TARGETED_DEVICE_FAMILY = "1,2";
			};
			name = Debug;
		};
		66CA1C56248EE80B0080AD54 /* Release */ = {
			isa = XCBuildConfiguration;
			buildSettings = {
				ASSETCATALOG_COMPILER_APPICON_NAME = AppIcon;
				CODE_SIGN_STYLE = Automatic;
				DEVELOPMENT_ASSET_PATHS = "\"maree/Preview Content\"";
				ENABLE_PREVIEWS = YES;
				INFOPLIST_FILE = maree/Info.plist;
				LD_RUNPATH_SEARCH_PATHS = (
					"$(inherited)",
					"@executable_path/Frameworks",
				);
				PRODUCT_BUNDLE_IDENTIFIER = iOS.maree;
				PRODUCT_NAME = "$(TARGET_NAME)";
				SWIFT_VERSION = 5.0;
				TARGETED_DEVICE_FAMILY = "1,2";
			};
			name = Release;
		};
		66CA1C58248EE80B0080AD54 /* Debug */ = {
			isa = XCBuildConfiguration;
			buildSettings = {
				ALWAYS_EMBED_SWIFT_STANDARD_LIBRARIES = YES;
				BUNDLE_LOADER = "$(TEST_HOST)";
				CODE_SIGN_STYLE = Automatic;
				INFOPLIST_FILE = mareeTests/Info.plist;
				IPHONEOS_DEPLOYMENT_TARGET = 13.5;
				LD_RUNPATH_SEARCH_PATHS = (
					"$(inherited)",
					"@executable_path/Frameworks",
					"@loader_path/Frameworks",
				);
				PRODUCT_BUNDLE_IDENTIFIER = iOS.mareeTests;
				PRODUCT_NAME = "$(TARGET_NAME)";
				SWIFT_VERSION = 5.0;
				TARGETED_DEVICE_FAMILY = "1,2";
				TEST_HOST = "$(BUILT_PRODUCTS_DIR)/maree.app/maree";
			};
			name = Debug;
		};
		66CA1C59248EE80B0080AD54 /* Release */ = {
			isa = XCBuildConfiguration;
			buildSettings = {
				ALWAYS_EMBED_SWIFT_STANDARD_LIBRARIES = YES;
				BUNDLE_LOADER = "$(TEST_HOST)";
				CODE_SIGN_STYLE = Automatic;
				INFOPLIST_FILE = mareeTests/Info.plist;
				IPHONEOS_DEPLOYMENT_TARGET = 13.5;
				LD_RUNPATH_SEARCH_PATHS = (
					"$(inherited)",
					"@executable_path/Frameworks",
					"@loader_path/Frameworks",
				);
				PRODUCT_BUNDLE_IDENTIFIER = iOS.mareeTests;
				PRODUCT_NAME = "$(TARGET_NAME)";
				SWIFT_VERSION = 5.0;
				TARGETED_DEVICE_FAMILY = "1,2";
				TEST_HOST = "$(BUILT_PRODUCTS_DIR)/maree.app/maree";
			};
			name = Release;
		};
		66CA1C5B248EE80B0080AD54 /* Debug */ = {
			isa = XCBuildConfiguration;
			buildSettings = {
				ALWAYS_EMBED_SWIFT_STANDARD_LIBRARIES = YES;
				CODE_SIGN_STYLE = Automatic;
				INFOPLIST_FILE = mareeUITests/Info.plist;
				LD_RUNPATH_SEARCH_PATHS = (
					"$(inherited)",
					"@executable_path/Frameworks",
					"@loader_path/Frameworks",
				);
				PRODUCT_BUNDLE_IDENTIFIER = iOS.mareeUITests;
				PRODUCT_NAME = "$(TARGET_NAME)";
				SWIFT_VERSION = 5.0;
				TARGETED_DEVICE_FAMILY = "1,2";
				TEST_TARGET_NAME = maree;
			};
			name = Debug;
		};
		66CA1C5C248EE80B0080AD54 /* Release */ = {
			isa = XCBuildConfiguration;
			buildSettings = {
				ALWAYS_EMBED_SWIFT_STANDARD_LIBRARIES = YES;
				CODE_SIGN_STYLE = Automatic;
				INFOPLIST_FILE = mareeUITests/Info.plist;
				LD_RUNPATH_SEARCH_PATHS = (
					"$(inherited)",
					"@executable_path/Frameworks",
					"@loader_path/Frameworks",
				);
				PRODUCT_BUNDLE_IDENTIFIER = iOS.mareeUITests;
				PRODUCT_NAME = "$(TARGET_NAME)";
				SWIFT_VERSION = 5.0;
				TARGETED_DEVICE_FAMILY = "1,2";
				TEST_TARGET_NAME = maree;
			};
			name = Release;
		};
/* End XCBuildConfiguration section */

/* Begin XCConfigurationList section */
		66CA1C25248EE7FE0080AD54 /* Build configuration list for PBXProject "maree" */ = {
			isa = XCConfigurationList;
			buildConfigurations = (
				66CA1C52248EE80B0080AD54 /* Debug */,
				66CA1C53248EE80B0080AD54 /* Release */,
			);
			defaultConfigurationIsVisible = 0;
			defaultConfigurationName = Release;
		};
		66CA1C54248EE80B0080AD54 /* Build configuration list for PBXNativeTarget "maree" */ = {
			isa = XCConfigurationList;
			buildConfigurations = (
				66CA1C55248EE80B0080AD54 /* Debug */,
				66CA1C56248EE80B0080AD54 /* Release */,
			);
			defaultConfigurationIsVisible = 0;
			defaultConfigurationName = Release;
		};
		66CA1C57248EE80B0080AD54 /* Build configuration list for PBXNativeTarget "mareeTests" */ = {
			isa = XCConfigurationList;
			buildConfigurations = (
				66CA1C58248EE80B0080AD54 /* Debug */,
				66CA1C59248EE80B0080AD54 /* Release */,
			);
			defaultConfigurationIsVisible = 0;
			defaultConfigurationName = Release;
		};
		66CA1C5A248EE80B0080AD54 /* Build configuration list for PBXNativeTarget "mareeUITests" */ = {
			isa = XCConfigurationList;
			buildConfigurations = (
				66CA1C5B248EE80B0080AD54 /* Debug */,
				66CA1C5C248EE80B0080AD54 /* Release */,
			);
			defaultConfigurationIsVisible = 0;
			defaultConfigurationName = Release;
		};
/* End XCConfigurationList section */
	};
	rootObject = 66CA1C22248EE7FE0080AD54 /* Project object */;
}
