// !$*UTF8*$!
{
	archiveVersion = 1;
	classes = {
	};
	objectVersion = 50;
	objects = {

/* Begin PBXBuildFile section */
		DF02223624A90551009A7747 /* ButtonFishDetailsView.swift in Sources */ = {isa = PBXBuildFile; fileRef = DF02223524A90551009A7747 /* ButtonFishDetailsView.swift */; };
		DF02223A24A919E4009A7747 /* Animal.swift in Sources */ = {isa = PBXBuildFile; fileRef = DF02223924A919E4009A7747 /* Animal.swift */; };
		DF02A78B24A360C3009582BC /* AppDelegate.swift in Sources */ = {isa = PBXBuildFile; fileRef = DF02A78A24A360C3009582BC /* AppDelegate.swift */; };
		DF02A78D24A360C3009582BC /* SceneDelegate.swift in Sources */ = {isa = PBXBuildFile; fileRef = DF02A78C24A360C3009582BC /* SceneDelegate.swift */; };
		DF02A78F24A360C3009582BC /* MenuView.swift in Sources */ = {isa = PBXBuildFile; fileRef = DF02A78E24A360C3009582BC /* MenuView.swift */; };
		DF02A79124A360C5009582BC /* Assets.xcassets in Resources */ = {isa = PBXBuildFile; fileRef = DF02A79024A360C5009582BC /* Assets.xcassets */; };
		DF02A79424A360C5009582BC /* Preview Assets.xcassets in Resources */ = {isa = PBXBuildFile; fileRef = DF02A79324A360C5009582BC /* Preview Assets.xcassets */; };
		DF02A79724A360C5009582BC /* LaunchScreen.storyboard in Resources */ = {isa = PBXBuildFile; fileRef = DF02A79524A360C5009582BC /* LaunchScreen.storyboard */; };
		DF02A79F24A527DC009582BC /* ButtonMenuView.swift in Sources */ = {isa = PBXBuildFile; fileRef = DF02A79E24A527DC009582BC /* ButtonMenuView.swift */; };
		DF02A7A124A53541009582BC /* ButtonMainView.swift in Sources */ = {isa = PBXBuildFile; fileRef = DF02A7A024A53541009582BC /* ButtonMainView.swift */; };
		DF02A7A424A54723009582BC /* SettingsView.swift in Sources */ = {isa = PBXBuildFile; fileRef = DF02A7A324A54723009582BC /* SettingsView.swift */; };
		DF44C0F524A8E1F2001D6BDD /* DateView.swift in Sources */ = {isa = PBXBuildFile; fileRef = DF44C0F424A8E1F2001D6BDD /* DateView.swift */; };
		DF44C0F824A8FB67001D6BDD /* DiagonalBackgroundView.swift in Sources */ = {isa = PBXBuildFile; fileRef = DF44C0F724A8FB66001D6BDD /* DiagonalBackgroundView.swift */; };
		DF45A1C824A60A5100C4C050 /* MainView.swift in Sources */ = {isa = PBXBuildFile; fileRef = DF45A1C724A60A5100C4C050 /* MainView.swift */; };
		DF45A1CD24A6138300C4C050 /* MenuButtonView.swift in Sources */ = {isa = PBXBuildFile; fileRef = DF45A1CC24A6138300C4C050 /* MenuButtonView.swift */; };
		DF45A1CF24A6139600C4C050 /* HomeButtonView.swift in Sources */ = {isa = PBXBuildFile; fileRef = DF45A1CE24A6139600C4C050 /* HomeButtonView.swift */; };
		DF45A1E324A64E2E00C4C050 /* FishingView.swift in Sources */ = {isa = PBXBuildFile; fileRef = DF45A1E224A64E2E00C4C050 /* FishingView.swift */; };
		DF45A1E524A64E7F00C4C050 /* data.xml in Resources */ = {isa = PBXBuildFile; fileRef = DF45A1E424A64E7F00C4C050 /* data.xml */; };
		DF45A1E724A64EB500C4C050 /* DocumentationView.swift in Sources */ = {isa = PBXBuildFile; fileRef = DF45A1E624A64EB500C4C050 /* DocumentationView.swift */; };
		DF45A1E924A64EF400C4C050 /* LaunchView.swift in Sources */ = {isa = PBXBuildFile; fileRef = DF45A1E824A64EF400C4C050 /* LaunchView.swift */; };
		DF45A1EC24A64FB100C4C050 /* SliderView.swift in Sources */ = {isa = PBXBuildFile; fileRef = DF45A1EB24A64FB100C4C050 /* SliderView.swift */; };
		DF45A1EE24A64FDE00C4C050 /* TitleView.swift in Sources */ = {isa = PBXBuildFile; fileRef = DF45A1ED24A64FDE00C4C050 /* TitleView.swift */; };
		DFBF4F8724AB658300E2DA4B /* StyledText.swift in Sources */ = {isa = PBXBuildFile; fileRef = DFBF4F8624AB658300E2DA4B /* StyledText.swift */; };
		DFBF4F8B24ABB89700E2DA4B /* ButtonWindowView.swift in Sources */ = {isa = PBXBuildFile; fileRef = DFBF4F8A24ABB89700E2DA4B /* ButtonWindowView.swift */; };
		DFBF4F8F24ACFEA000E2DA4B /* Poisson.bundle in Resources */ = {isa = PBXBuildFile; fileRef = DFBF4F8E24ACFEA000E2DA4B /* Poisson.bundle */; };
/* End PBXBuildFile section */

/* Begin PBXFileReference section */
		DF02223524A90551009A7747 /* ButtonFishDetailsView.swift */ = {isa = PBXFileReference; lastKnownFileType = sourcecode.swift; path = ButtonFishDetailsView.swift; sourceTree = "<group>"; };
		DF02223924A919E4009A7747 /* Animal.swift */ = {isa = PBXFileReference; lastKnownFileType = sourcecode.swift; path = Animal.swift; sourceTree = "<group>"; };
		DF02A78724A360C3009582BC /* AppMaree.app */ = {isa = PBXFileReference; explicitFileType = wrapper.application; includeInIndex = 0; path = AppMaree.app; sourceTree = BUILT_PRODUCTS_DIR; };
		DF02A78A24A360C3009582BC /* AppDelegate.swift */ = {isa = PBXFileReference; lastKnownFileType = sourcecode.swift; path = AppDelegate.swift; sourceTree = "<group>"; };
		DF02A78C24A360C3009582BC /* SceneDelegate.swift */ = {isa = PBXFileReference; lastKnownFileType = sourcecode.swift; path = SceneDelegate.swift; sourceTree = "<group>"; };
		DF02A78E24A360C3009582BC /* MenuView.swift */ = {isa = PBXFileReference; lastKnownFileType = sourcecode.swift; path = MenuView.swift; sourceTree = "<group>"; };
		DF02A79024A360C5009582BC /* Assets.xcassets */ = {isa = PBXFileReference; lastKnownFileType = folder.assetcatalog; name = Assets.xcassets; path = AppMaree/Assets.xcassets; sourceTree = SOURCE_ROOT; };
		DF02A79324A360C5009582BC /* Preview Assets.xcassets */ = {isa = PBXFileReference; lastKnownFileType = folder.assetcatalog; path = "Preview Assets.xcassets"; sourceTree = "<group>"; };
		DF02A79624A360C5009582BC /* Base */ = {isa = PBXFileReference; lastKnownFileType = file.storyboard; name = Base; path = Base.lproj/LaunchScreen.storyboard; sourceTree = "<group>"; };
		DF02A79824A360C5009582BC /* Info.plist */ = {isa = PBXFileReference; lastKnownFileType = text.plist.xml; path = Info.plist; sourceTree = "<group>"; };
		DF02A79E24A527DC009582BC /* ButtonMenuView.swift */ = {isa = PBXFileReference; lastKnownFileType = sourcecode.swift; path = ButtonMenuView.swift; sourceTree = "<group>"; };
		DF02A7A024A53541009582BC /* ButtonMainView.swift */ = {isa = PBXFileReference; lastKnownFileType = sourcecode.swift; path = ButtonMainView.swift; sourceTree = "<group>"; };
		DF02A7A324A54723009582BC /* SettingsView.swift */ = {isa = PBXFileReference; lastKnownFileType = sourcecode.swift; path = SettingsView.swift; sourceTree = "<group>"; };
		DF44C0F424A8E1F2001D6BDD /* DateView.swift */ = {isa = PBXFileReference; lastKnownFileType = sourcecode.swift; path = DateView.swift; sourceTree = "<group>"; };
		DF44C0F724A8FB66001D6BDD /* DiagonalBackgroundView.swift */ = {isa = PBXFileReference; lastKnownFileType = sourcecode.swift; path = DiagonalBackgroundView.swift; sourceTree = "<group>"; };
		DF45A1C724A60A5100C4C050 /* MainView.swift */ = {isa = PBXFileReference; lastKnownFileType = sourcecode.swift; path = MainView.swift; sourceTree = "<group>"; };
		DF45A1CC24A6138300C4C050 /* MenuButtonView.swift */ = {isa = PBXFileReference; lastKnownFileType = sourcecode.swift; path = MenuButtonView.swift; sourceTree = "<group>"; };
		DF45A1CE24A6139600C4C050 /* HomeButtonView.swift */ = {isa = PBXFileReference; lastKnownFileType = sourcecode.swift; path = HomeButtonView.swift; sourceTree = "<group>"; };
		DF45A1E224A64E2E00C4C050 /* FishingView.swift */ = {isa = PBXFileReference; lastKnownFileType = sourcecode.swift; path = FishingView.swift; sourceTree = "<group>"; };
		DF45A1E424A64E7F00C4C050 /* data.xml */ = {isa = PBXFileReference; lastKnownFileType = text.xml; path = data.xml; sourceTree = "<group>"; };
		DF45A1E624A64EB500C4C050 /* DocumentationView.swift */ = {isa = PBXFileReference; lastKnownFileType = sourcecode.swift; path = DocumentationView.swift; sourceTree = "<group>"; };
		DF45A1E824A64EF400C4C050 /* LaunchView.swift */ = {isa = PBXFileReference; lastKnownFileType = sourcecode.swift; path = LaunchView.swift; sourceTree = "<group>"; };
		DF45A1EB24A64FB100C4C050 /* SliderView.swift */ = {isa = PBXFileReference; lastKnownFileType = sourcecode.swift; path = SliderView.swift; sourceTree = "<group>"; };
		DF45A1ED24A64FDE00C4C050 /* TitleView.swift */ = {isa = PBXFileReference; lastKnownFileType = sourcecode.swift; path = TitleView.swift; sourceTree = "<group>"; };
		DFBF4F8624AB658300E2DA4B /* StyledText.swift */ = {isa = PBXFileReference; lastKnownFileType = sourcecode.swift; path = StyledText.swift; sourceTree = "<group>"; };
		DFBF4F8A24ABB89700E2DA4B /* ButtonWindowView.swift */ = {isa = PBXFileReference; lastKnownFileType = sourcecode.swift; path = ButtonWindowView.swift; sourceTree = "<group>"; };
		DFBF4F8E24ACFEA000E2DA4B /* Poisson.bundle */ = {isa = PBXFileReference; lastKnownFileType = "wrapper.plug-in"; path = Poisson.bundle; sourceTree = "<group>"; };
/* End PBXFileReference section */

/* Begin PBXFrameworksBuildPhase section */
		DF02A78424A360C3009582BC /* Frameworks */ = {
			isa = PBXFrameworksBuildPhase;
			buildActionMask = 2147483647;
			files = (
			);
			runOnlyForDeploymentPostprocessing = 0;
		};
/* End PBXFrameworksBuildPhase section */

/* Begin PBXGroup section */
		DF02223424A90537009A7747 /* Fishing */ = {
			isa = PBXGroup;
			children = (
				DFBF4F8E24ACFEA000E2DA4B /* Poisson.bundle */,
				DF45A1E224A64E2E00C4C050 /* FishingView.swift */,
				DF02223524A90551009A7747 /* ButtonFishDetailsView.swift */,
				DF02223924A919E4009A7747 /* Animal.swift */,
			);
			path = Fishing;
			sourceTree = "<group>";
		};
		DF02A77E24A360C3009582BC = {
			isa = PBXGroup;
			children = (
				DF02A78924A360C3009582BC /* AppMaree */,
				DF02A78824A360C3009582BC /* Products */,
			);
			sourceTree = "<group>";
		};
		DF02A78824A360C3009582BC /* Products */ = {
			isa = PBXGroup;
			children = (
				DF02A78724A360C3009582BC /* AppMaree.app */,
			);
			name = Products;
			sourceTree = "<group>";
		};
		DF02A78924A360C3009582BC /* AppMaree */ = {
			isa = PBXGroup;
			children = (
				DF45A1E824A64EF400C4C050 /* LaunchView.swift */,
				DF45A1C724A60A5100C4C050 /* MainView.swift */,
				DF45A1CB24A6134B00C4C050 /* MainButton */,
				DF02A7A224A544F8009582BC /* Menu */,
				DF44C0F424A8E1F2001D6BDD /* DateView.swift */,
				DF02223424A90537009A7747 /* Fishing */,
				DF45A1E624A64EB500C4C050 /* DocumentationView.swift */,
				DF02A7A324A54723009582BC /* SettingsView.swift */,
				DF44C0F624A8EB25001D6BDD /* Utilities */,
				DF02A79224A360C5009582BC /* Preview Content */,
				DF45A1EA24A64F0C00C4C050 /* Other */,
				DF02A79024A360C5009582BC /* Assets.xcassets */,
				DF02A79824A360C5009582BC /* Info.plist */,
				DF45A1E424A64E7F00C4C050 /* data.xml */,
			);
			path = AppMaree;
			sourceTree = "<group>";
		};
		DF02A79224A360C5009582BC /* Preview Content */ = {
			isa = PBXGroup;
			children = (
				DF02A79324A360C5009582BC /* Preview Assets.xcassets */,
			);
			path = "Preview Content";
			sourceTree = "<group>";
		};
		DF02A7A224A544F8009582BC /* Menu */ = {
			isa = PBXGroup;
			children = (
				DF02A78E24A360C3009582BC /* MenuView.swift */,
				DF02A79E24A527DC009582BC /* ButtonMenuView.swift */,
			);
			path = Menu;
			sourceTree = "<group>";
		};
		DF44C0F624A8EB25001D6BDD /* Utilities */ = {
			isa = PBXGroup;
			children = (
				DF45A1EB24A64FB100C4C050 /* SliderView.swift */,
				DF45A1ED24A64FDE00C4C050 /* TitleView.swift */,
				DF44C0F724A8FB66001D6BDD /* DiagonalBackgroundView.swift */,
				DFBF4F8624AB658300E2DA4B /* StyledText.swift */,
			);
			path = Utilities;
			sourceTree = "<group>";
		};
		DF45A1CB24A6134B00C4C050 /* MainButton */ = {
			isa = PBXGroup;
			children = (
				DF02A7A024A53541009582BC /* ButtonMainView.swift */,
				DF45A1CC24A6138300C4C050 /* MenuButtonView.swift */,
				DF45A1CE24A6139600C4C050 /* HomeButtonView.swift */,
				DFBF4F8A24ABB89700E2DA4B /* ButtonWindowView.swift */,
			);
			path = MainButton;
			sourceTree = "<group>";
		};
		DF45A1EA24A64F0C00C4C050 /* Other */ = {
			isa = PBXGroup;
			children = (
				DF02A78A24A360C3009582BC /* AppDelegate.swift */,
				DF02A78C24A360C3009582BC /* SceneDelegate.swift */,
				DF02A79524A360C5009582BC /* LaunchScreen.storyboard */,
			);
			path = Other;
			sourceTree = "<group>";
		};
/* End PBXGroup section */

/* Begin PBXNativeTarget section */
		DF02A78624A360C3009582BC /* AppMaree */ = {
			isa = PBXNativeTarget;
			buildConfigurationList = DF02A79B24A360C5009582BC /* Build configuration list for PBXNativeTarget "AppMaree" */;
			buildPhases = (
				DF02A78324A360C3009582BC /* Sources */,
				DF02A78424A360C3009582BC /* Frameworks */,
				DF02A78524A360C3009582BC /* Resources */,
			);
			buildRules = (
			);
			dependencies = (
			);
			name = AppMaree;
			productName = AppMaree;
			productReference = DF02A78724A360C3009582BC /* AppMaree.app */;
			productType = "com.apple.product-type.application";
		};
/* End PBXNativeTarget section */

/* Begin PBXProject section */
		DF02A77F24A360C3009582BC /* Project object */ = {
			isa = PBXProject;
			attributes = {
				LastSwiftUpdateCheck = 1120;
				LastUpgradeCheck = 1120;
				ORGANIZATIONNAME = unicaen;
				TargetAttributes = {
					DF02A78624A360C3009582BC = {
						CreatedOnToolsVersion = 11.2.1;
					};
				};
			};
			buildConfigurationList = DF02A78224A360C3009582BC /* Build configuration list for PBXProject "AppMaree" */;
			compatibilityVersion = "Xcode 9.3";
			developmentRegion = en;
			hasScannedForEncodings = 0;
			knownRegions = (
				en,
				Base,
			);
			mainGroup = DF02A77E24A360C3009582BC;
			productRefGroup = DF02A78824A360C3009582BC /* Products */;
			projectDirPath = "";
			projectRoot = "";
			targets = (
				DF02A78624A360C3009582BC /* AppMaree */,
			);
		};
/* End PBXProject section */

/* Begin PBXResourcesBuildPhase section */
		DF02A78524A360C3009582BC /* Resources */ = {
			isa = PBXResourcesBuildPhase;
			buildActionMask = 2147483647;
			files = (
				DF02A79724A360C5009582BC /* LaunchScreen.storyboard in Resources */,
				DFBF4F8F24ACFEA000E2DA4B /* Poisson.bundle in Resources */,
				DF45A1E524A64E7F00C4C050 /* data.xml in Resources */,
				DF02A79424A360C5009582BC /* Preview Assets.xcassets in Resources */,
				DF02A79124A360C5009582BC /* Assets.xcassets in Resources */,
			);
			runOnlyForDeploymentPostprocessing = 0;
		};
/* End PBXResourcesBuildPhase section */

/* Begin PBXSourcesBuildPhase section */
		DF02A78324A360C3009582BC /* Sources */ = {
			isa = PBXSourcesBuildPhase;
			buildActionMask = 2147483647;
			files = (
				DFBF4F8B24ABB89700E2DA4B /* ButtonWindowView.swift in Sources */,
				DF45A1E324A64E2E00C4C050 /* FishingView.swift in Sources */,
				DFBF4F8724AB658300E2DA4B /* StyledText.swift in Sources */,
				DF45A1CD24A6138300C4C050 /* MenuButtonView.swift in Sources */,
				DF44C0F524A8E1F2001D6BDD /* DateView.swift in Sources */,
				DF02A78B24A360C3009582BC /* AppDelegate.swift in Sources */,
				DF45A1E924A64EF400C4C050 /* LaunchView.swift in Sources */,
				DF45A1C824A60A5100C4C050 /* MainView.swift in Sources */,
				DF02A78D24A360C3009582BC /* SceneDelegate.swift in Sources */,
				DF44C0F824A8FB67001D6BDD /* DiagonalBackgroundView.swift in Sources */,
				DF02A78F24A360C3009582BC /* MenuView.swift in Sources */,
				DF02A7A424A54723009582BC /* SettingsView.swift in Sources */,
				DF02223624A90551009A7747 /* ButtonFishDetailsView.swift in Sources */,
				DF02A7A124A53541009582BC /* ButtonMainView.swift in Sources */,
				DF45A1CF24A6139600C4C050 /* HomeButtonView.swift in Sources */,
				DF02A79F24A527DC009582BC /* ButtonMenuView.swift in Sources */,
				DF45A1E724A64EB500C4C050 /* DocumentationView.swift in Sources */,
				DF45A1EC24A64FB100C4C050 /* SliderView.swift in Sources */,
				DF45A1EE24A64FDE00C4C050 /* TitleView.swift in Sources */,
				DF02223A24A919E4009A7747 /* Animal.swift in Sources */,
			);
			runOnlyForDeploymentPostprocessing = 0;
		};
/* End PBXSourcesBuildPhase section */

/* Begin PBXVariantGroup section */
		DF02A79524A360C5009582BC /* LaunchScreen.storyboard */ = {
			isa = PBXVariantGroup;
			children = (
				DF02A79624A360C5009582BC /* Base */,
			);
			name = LaunchScreen.storyboard;
			sourceTree = "<group>";
		};
/* End PBXVariantGroup section */

/* Begin XCBuildConfiguration section */
		DF02A79924A360C5009582BC /* Debug */ = {
			isa = XCBuildConfiguration;
			buildSettings = {
				ALWAYS_SEARCH_USER_PATHS = NO;
				CLANG_ANALYZER_NONNULL = YES;
				CLANG_ANALYZER_NUMBER_OBJECT_CONVERSION = YES_AGGRESSIVE;
				CLANG_CXX_LANGUAGE_STANDARD = "gnu++14";
				CLANG_CXX_LIBRARY = "libc++";
				CLANG_ENABLE_MODULES = YES;
				CLANG_ENABLE_OBJC_ARC = YES;
				CLANG_ENABLE_OBJC_WEAK = YES;
				CLANG_WARN_BLOCK_CAPTURE_AUTORELEASING = YES;
				CLANG_WARN_BOOL_CONVERSION = YES;
				CLANG_WARN_COMMA = YES;
				CLANG_WARN_CONSTANT_CONVERSION = YES;
				CLANG_WARN_DEPRECATED_OBJC_IMPLEMENTATIONS = YES;
				CLANG_WARN_DIRECT_OBJC_ISA_USAGE = YES_ERROR;
				CLANG_WARN_DOCUMENTATION_COMMENTS = YES;
				CLANG_WARN_EMPTY_BODY = YES;
				CLANG_WARN_ENUM_CONVERSION = YES;
				CLANG_WARN_INFINITE_RECURSION = YES;
				CLANG_WARN_INT_CONVERSION = YES;
				CLANG_WARN_NON_LITERAL_NULL_CONVERSION = YES;
				CLANG_WARN_OBJC_IMPLICIT_RETAIN_SELF = YES;
				CLANG_WARN_OBJC_LITERAL_CONVERSION = YES;
				CLANG_WARN_OBJC_ROOT_CLASS = YES_ERROR;
				CLANG_WARN_RANGE_LOOP_ANALYSIS = YES;
				CLANG_WARN_STRICT_PROTOTYPES = YES;
				CLANG_WARN_SUSPICIOUS_MOVE = YES;
				CLANG_WARN_UNGUARDED_AVAILABILITY = YES_AGGRESSIVE;
				CLANG_WARN_UNREACHABLE_CODE = YES;
				CLANG_WARN__DUPLICATE_METHOD_MATCH = YES;
				COPY_PHASE_STRIP = NO;
				DEBUG_INFORMATION_FORMAT = dwarf;
				ENABLE_STRICT_OBJC_MSGSEND = YES;
				ENABLE_TESTABILITY = YES;
				GCC_C_LANGUAGE_STANDARD = gnu11;
				GCC_DYNAMIC_NO_PIC = NO;
				GCC_NO_COMMON_BLOCKS = YES;
				GCC_OPTIMIZATION_LEVEL = 0;
				GCC_PREPROCESSOR_DEFINITIONS = (
					"DEBUG=1",
					"$(inherited)",
				);
				GCC_WARN_64_TO_32_BIT_CONVERSION = YES;
				GCC_WARN_ABOUT_RETURN_TYPE = YES_ERROR;
				GCC_WARN_UNDECLARED_SELECTOR = YES;
				GCC_WARN_UNINITIALIZED_AUTOS = YES_AGGRESSIVE;
				GCC_WARN_UNUSED_FUNCTION = YES;
				GCC_WARN_UNUSED_VARIABLE = YES;
				IPHONEOS_DEPLOYMENT_TARGET = 13.2;
				MTL_ENABLE_DEBUG_INFO = INCLUDE_SOURCE;
				MTL_FAST_MATH = YES;
				ONLY_ACTIVE_ARCH = YES;
				SDKROOT = iphoneos;
				SWIFT_ACTIVE_COMPILATION_CONDITIONS = DEBUG;
				SWIFT_OPTIMIZATION_LEVEL = "-Onone";
			};
			name = Debug;
		};
		DF02A79A24A360C5009582BC /* Release */ = {
			isa = XCBuildConfiguration;
			buildSettings = {
				ALWAYS_SEARCH_USER_PATHS = NO;
				CLANG_ANALYZER_NONNULL = YES;
				CLANG_ANALYZER_NUMBER_OBJECT_CONVERSION = YES_AGGRESSIVE;
				CLANG_CXX_LANGUAGE_STANDARD = "gnu++14";
				CLANG_CXX_LIBRARY = "libc++";
				CLANG_ENABLE_MODULES = YES;
				CLANG_ENABLE_OBJC_ARC = YES;
				CLANG_ENABLE_OBJC_WEAK = YES;
				CLANG_WARN_BLOCK_CAPTURE_AUTORELEASING = YES;
				CLANG_WARN_BOOL_CONVERSION = YES;
				CLANG_WARN_COMMA = YES;
				CLANG_WARN_CONSTANT_CONVERSION = YES;
				CLANG_WARN_DEPRECATED_OBJC_IMPLEMENTATIONS = YES;
				CLANG_WARN_DIRECT_OBJC_ISA_USAGE = YES_ERROR;
				CLANG_WARN_DOCUMENTATION_COMMENTS = YES;
				CLANG_WARN_EMPTY_BODY = YES;
				CLANG_WARN_ENUM_CONVERSION = YES;
				CLANG_WARN_INFINITE_RECURSION = YES;
				CLANG_WARN_INT_CONVERSION = YES;
				CLANG_WARN_NON_LITERAL_NULL_CONVERSION = YES;
				CLANG_WARN_OBJC_IMPLICIT_RETAIN_SELF = YES;
				CLANG_WARN_OBJC_LITERAL_CONVERSION = YES;
				CLANG_WARN_OBJC_ROOT_CLASS = YES_ERROR;
				CLANG_WARN_RANGE_LOOP_ANALYSIS = YES;
				CLANG_WARN_STRICT_PROTOTYPES = YES;
				CLANG_WARN_SUSPICIOUS_MOVE = YES;
				CLANG_WARN_UNGUARDED_AVAILABILITY = YES_AGGRESSIVE;
				CLANG_WARN_UNREACHABLE_CODE = YES;
				CLANG_WARN__DUPLICATE_METHOD_MATCH = YES;
				COPY_PHASE_STRIP = NO;
				DEBUG_INFORMATION_FORMAT = "dwarf-with-dsym";
				ENABLE_NS_ASSERTIONS = NO;
				ENABLE_STRICT_OBJC_MSGSEND = YES;
				GCC_C_LANGUAGE_STANDARD = gnu11;
				GCC_NO_COMMON_BLOCKS = YES;
				GCC_WARN_64_TO_32_BIT_CONVERSION = YES;
				GCC_WARN_ABOUT_RETURN_TYPE = YES_ERROR;
				GCC_WARN_UNDECLARED_SELECTOR = YES;
				GCC_WARN_UNINITIALIZED_AUTOS = YES_AGGRESSIVE;
				GCC_WARN_UNUSED_FUNCTION = YES;
				GCC_WARN_UNUSED_VARIABLE = YES;
				IPHONEOS_DEPLOYMENT_TARGET = 13.2;
				MTL_ENABLE_DEBUG_INFO = NO;
				MTL_FAST_MATH = YES;
				SDKROOT = iphoneos;
				SWIFT_COMPILATION_MODE = wholemodule;
				SWIFT_OPTIMIZATION_LEVEL = "-O";
				VALIDATE_PRODUCT = YES;
			};
			name = Release;
		};
		DF02A79C24A360C5009582BC /* Debug */ = {
			isa = XCBuildConfiguration;
			buildSettings = {
				ASSETCATALOG_COMPILER_APPICON_NAME = AppIcon;
				CODE_SIGN_STYLE = Automatic;
				DEVELOPMENT_ASSET_PATHS = "\"AppMaree/Preview Content\"";
				DEVELOPMENT_TEAM = 25U4UD53Z3;
				ENABLE_PREVIEWS = YES;
				INFOPLIST_FILE = AppMaree/Info.plist;
				LD_RUNPATH_SEARCH_PATHS = (
					"$(inherited)",
					"@executable_path/Frameworks",
				);
				PRODUCT_BUNDLE_IDENTIFIER = UniCaen.AppMaree;
				PRODUCT_NAME = "$(TARGET_NAME)";
				SWIFT_VERSION = 5.0;
				TARGETED_DEVICE_FAMILY = "1,2";
			};
			name = Debug;
		};
		DF02A79D24A360C5009582BC /* Release */ = {
			isa = XCBuildConfiguration;
			buildSettings = {
				ASSETCATALOG_COMPILER_APPICON_NAME = AppIcon;
				CODE_SIGN_STYLE = Automatic;
				DEVELOPMENT_ASSET_PATHS = "\"AppMaree/Preview Content\"";
				DEVELOPMENT_TEAM = 25U4UD53Z3;
				ENABLE_PREVIEWS = YES;
				INFOPLIST_FILE = AppMaree/Info.plist;
				LD_RUNPATH_SEARCH_PATHS = (
					"$(inherited)",
					"@executable_path/Frameworks",
				);
				PRODUCT_BUNDLE_IDENTIFIER = UniCaen.AppMaree;
				PRODUCT_NAME = "$(TARGET_NAME)";
				SWIFT_VERSION = 5.0;
				TARGETED_DEVICE_FAMILY = "1,2";
			};
			name = Release;
		};
/* End XCBuildConfiguration section */

/* Begin XCConfigurationList section */
		DF02A78224A360C3009582BC /* Build configuration list for PBXProject "AppMaree" */ = {
			isa = XCConfigurationList;
			buildConfigurations = (
				DF02A79924A360C5009582BC /* Debug */,
				DF02A79A24A360C5009582BC /* Release */,
			);
			defaultConfigurationIsVisible = 0;
			defaultConfigurationName = Release;
		};
		DF02A79B24A360C5009582BC /* Build configuration list for PBXNativeTarget "AppMaree" */ = {
			isa = XCConfigurationList;
			buildConfigurations = (
				DF02A79C24A360C5009582BC /* Debug */,
				DF02A79D24A360C5009582BC /* Release */,
			);
			defaultConfigurationIsVisible = 0;
			defaultConfigurationName = Release;
		};
/* End XCConfigurationList section */
	};
	rootObject = DF02A77F24A360C3009582BC /* Project object */;
}
